{
  "requires": true,
  "lockfileVersion": 1,
  "dependencies": {
    "@sweetalert2/theme-dark": {
      "version": "5.0.12",
      "resolved": "https://registry.npmjs.org/@sweetalert2/theme-dark/-/theme-dark-5.0.12.tgz",
      "integrity": "sha512-F0DxJJhVUixKD1Tk3gXwAy1goONgkP7BIDTZfTN7aZQdY9edLmiSp4d3LNPK49m0ORIG38eDAwJFodgQ5uuEZw=="
    },
    "jquery": {
      "version": "3.6.1",
      "resolved": "https://registry.npmjs.org/jquery/-/jquery-3.6.1.tgz",
      "integrity": "sha512-opJeO4nCucVnsjiXOE+/PcCgYw9Gwpvs/a6B1LL/lQhwWwpbVEVYDZ1FokFr8PRc7ghYlrFPuyHuiiDNTQxmcw=="
    },
    "sweetalert2": {
      "version": "11.4.37",
      "resolved": "https://registry.npmjs.org/sweetalert2/-/sweetalert2-11.4.37.tgz",
      "integrity": "sha512-8thABjykReRzpMlgEY0BP876ZqI6dD9WxMpFftHt4dmUKQzDv23Td6Q6cz6YybyiYWPCodBk57PeIobqaGNgqw=="
    }
  }
}
