{
  "name": "spiteful-chat",
  "version": "1.0.0",
  "lockfileVersion": 2,
  "requires": true,
  "packages": {
    "": {
      "name": "spiteful-chat",
      "version": "1.0.0",
      "license": "ISC",
      "dependencies": {
        "jquery": "^3.6.1",
        "sweetalert2": "^11.4.8"
      }
    },
    "node_modules/jquery": {
      "version": "3.7.1",
      "resolved": "https://registry.npmjs.org/jquery/-/jquery-3.7.1.tgz",
      "integrity": "sha512-m4avr8yL8kmFN8psrbFFFmB/If14iN5o9nw/NgnnM+kybDJpRsAynV2BsfpTYrTRysYUdADVD7CkUUizgkpLfg=="
    },
    "node_modules/sweetalert2": {
      "version": "11.4.8",
      "resolved": "https://registry.npmjs.org/sweetalert2/-/sweetalert2-11.4.8.tgz",
      "integrity": "sha512-BDS/+E8RwaekGSxCPUbPnsRAyQ439gtXkTF/s98vY2l9DaVEOMjGj1FaQSorfGREKsbbxGSP7UXboibL5vgTMA==",
      "funding": {
        "type": "individual",
        "url": "https://sweetalert2.github.io/#donations"
      }
    }
  },
  "dependencies": {
    "jquery": {
      "version": "3.7.1",
      "resolved": "https://registry.npmjs.org/jquery/-/jquery-3.7.1.tgz",
      "integrity": "sha512-m4avr8yL8kmFN8psrbFFFmB/If14iN5o9nw/NgnnM+kybDJpRsAynV2BsfpTYrTRysYUdADVD7CkUUizgkpLfg=="
    },
    "sweetalert2": {
      "version": "11.4.8",
      "resolved": "https://registry.npmjs.org/sweetalert2/-/sweetalert2-11.4.8.tgz",
      "integrity": "sha512-BDS/+E8RwaekGSxCPUbPnsRAyQ439gtXkTF/s98vY2l9DaVEOMjGj1FaQSorfGREKsbbxGSP7UXboibL5vgTMA=="
    }
  }
}
